
Microsoft Visual Studio Solution File, Format Version 12.00
# Visual Studio Version 17
VisualStudioVersion = 17.5.002.0
MinimumVisualStudioVersion = 10.0.40219.1
Project("{2150E333-8FDC-42A3-9474-1A3956D46DE8}") = "csharp-prep", "csharp-prep", "{A13BA597-6FCE-4B50-AEF0-2E4A293B965E}"
EndProject
Project("{9A19103F-16F7-4668-BE54-9A1E7A4F7556}") = "Prep1", "csharp-prep\Prep1\Prep1.csproj", "{F726C5AC-639F-43BD-95AD-7FD7C51D415C}"
EndProject
Project("{9A19103F-16F7-4668-BE54-9A1E7A4F7556}") = "Prep2", "csharp-prep\Prep2\Prep2.csproj", "{D0E6F56B-A107-4C99-9A6D-AA999CCF9A43}"
EndProject
Project("{9A19103F-16F7-4668-BE54-9A1E7A4F7556}") = "Prep3", "csharp-prep\Prep3\Prep3.csproj", "{69B8D0E0-F7FD-45C8-86A4-A93BA018F2A8}"
EndProject
Project("{9A19103F-16F7-4668-BE54-9A1E7A4F7556}") = "Prep4", "csharp-prep\Prep4\Prep4.csproj", "{3F4BC5F9-46DF-4BF7-ABC0-C8BDADFEA407}"
EndProject
Project("{9A19103F-16F7-4668-BE54-9A1E7A4F7556}") = "Prep5", "csharp-prep\Prep5\Prep5.csproj", "{DE0766FB-FB4A-4091-8771-FA11820B4AD7}"
EndProject
Project("{2150E333-8FDC-42A3-9474-1A3956D46DE8}") = "final", "final", "{BDFD5C84-B345-4C0B-A057-7E2FBE0597A0}"
EndProject
Project("{9A19103F-16F7-4668-BE54-9A1E7A4F7556}") = "FinalProject", "final\FinalProject\FinalProject.csproj", "{C500261E-3B3F-4115-BD66-62C199039CE1}"
EndProject
Project("{9A19103F-16F7-4668-BE54-9A1E7A4F7556}") = "Foundation1", "final\Foundation1\Foundation1.csproj", "{B26EB9DF-609D-44F6-B4E1-C98E1F192D76}"
EndProject
Project("{9A19103F-16F7-4668-BE54-9A1E7A4F7556}") = "Foundation2", "final\Foundation2\Foundation2.csproj", "{02433EEB-8E8C-442D-8F90-62A857B8C82A}"
EndProject
Project("{9A19103F-16F7-4668-BE54-9A1E7A4F7556}") = "Foundation3", "final\Foundation3\Foundation3.csproj", "{34A577D3-F3C4-422C-8DB8-3413AB6619F7}"
EndProject
Project("{9A19103F-16F7-4668-BE54-9A1E7A4F7556}") = "Foundation4", "final\Foundation4\Foundation4.csproj", "{218985C5-4C4B-4A89-93A2-AC802939646B}"
EndProject
Project("{2150E333-8FDC-42A3-9474-1A3956D46DE8}") = "prepare", "prepare", "{ABE75E0E-2E08-431A-823C-87D325859E27}"
EndProject
Project("{9A19103F-16F7-4668-BE54-9A1E7A4F7556}") = "Learning02", "prepare\Learning02\Learning02.csproj", "{80EF73AA-2254-441E-8DBA-DC3CA2FE4167}"
EndProject
Project("{9A19103F-16F7-4668-BE54-9A1E7A4F7556}") = "Learning03", "prepare\Learning03\Learning03.csproj", "{5950017F-0CCA-4C16-AD7A-B83A29B68FE5}"
EndProject
Project("{9A19103F-16F7-4668-BE54-9A1E7A4F7556}") = "Learning04", "prepare\Learning04\Learning04.csproj", "{82DFC950-AC88-4612-BE24-EC4AFC0C40B8}"
EndProject
Project("{9A19103F-16F7-4668-BE54-9A1E7A4F7556}") = "Learning05", "prepare\Learning05\Learning05.csproj", "{033979D7-F06E-42E6-B754-A2C4F9FA75E8}"
EndProject
Project("{2150E333-8FDC-42A3-9474-1A3956D46DE8}") = "prove", "prove", "{6CCF6D0C-6438-43E7-8CFB-C453476BA2DD}"
EndProject
Project("{9A19103F-16F7-4668-BE54-9A1E7A4F7556}") = "Develop02", "prove\Develop02\Develop02.csproj", "{58370379-93F2-42B6-9538-BBE5B6EC4A72}"
EndProject
Project("{9A19103F-16F7-4668-BE54-9A1E7A4F7556}") = "Develop03", "prove\Develop03\Develop03.csproj", "{13880DA3-CF51-4723-8416-ECEA36539058}"
EndProject
Project("{9A19103F-16F7-4668-BE54-9A1E7A4F7556}") = "Develop04", "prove\Develop04\Develop04.csproj", "{65ACABB9-2B85-4BA4-9D5E-705F422207E2}"
EndProject
Project("{9A19103F-16F7-4668-BE54-9A1E7A4F7556}") = "Develop05", "prove\Develop05\Develop05.csproj", "{AE2260CD-CDFB-4856-88A6-2F6431A8BA49}"
EndProject
Project("{2150E333-8FDC-42A3-9474-1A3956D46DE8}") = "sandbox", "sandbox", "{2446D837-2C36-4848-9681-C88D94D41676}"
EndProject
Project("{9A19103F-16F7-4668-BE54-9A1E7A4F7556}") = "Sandbox", "sandbox\Sandbox\Sandbox.csproj", "{B537E437-4A00-4A66-86E0-3DDA8048864E}"
EndProject
Global
	GlobalSection(SolutionConfigurationPlatforms) = preSolution
		Debug|Any CPU = Debug|Any CPU
		Release|Any CPU = Release|Any CPU
	EndGlobalSection
	GlobalSection(ProjectConfigurationPlatforms) = postSolution
		{F726C5AC-639F-43BD-95AD-7FD7C51D415C}.Debug|Any CPU.ActiveCfg = Debug|Any CPU
		{F726C5AC-639F-43BD-95AD-7FD7C51D415C}.Debug|Any CPU.Build.0 = Debug|Any CPU
		{F726C5AC-639F-43BD-95AD-7FD7C51D415C}.Release|Any CPU.ActiveCfg = Release|Any CPU
		{F726C5AC-639F-43BD-95AD-7FD7C51D415C}.Release|Any CPU.Build.0 = Release|Any CPU
		{D0E6F56B-A107-4C99-9A6D-AA999CCF9A43}.Debug|Any CPU.ActiveCfg = Debug|Any CPU
		{D0E6F56B-A107-4C99-9A6D-AA999CCF9A43}.Debug|Any CPU.Build.0 = Debug|Any CPU
		{D0E6F56B-A107-4C99-9A6D-AA999CCF9A43}.Release|Any CPU.ActiveCfg = Release|Any CPU
		{D0E6F56B-A107-4C99-9A6D-AA999CCF9A43}.Release|Any CPU.Build.0 = Release|Any CPU
		{69B8D0E0-F7FD-45C8-86A4-A93BA018F2A8}.Debug|Any CPU.ActiveCfg = Debug|Any CPU
		{69B8D0E0-F7FD-45C8-86A4-A93BA018F2A8}.Debug|Any CPU.Build.0 = Debug|Any CPU
		{69B8D0E0-F7FD-45C8-86A4-A93BA018F2A8}.Release|Any CPU.ActiveCfg = Release|Any CPU
		{69B8D0E0-F7FD-45C8-86A4-A93BA018F2A8}.Release|Any CPU.Build.0 = Release|Any CPU
		{3F4BC5F9-46DF-4BF7-ABC0-C8BDADFEA407}.Debug|Any CPU.ActiveCfg = Debug|Any CPU
		{3F4BC5F9-46DF-4BF7-ABC0-C8BDADFEA407}.Debug|Any CPU.Build.0 = Debug|Any CPU
		{3F4BC5F9-46DF-4BF7-ABC0-C8BDADFEA407}.Release|Any CPU.ActiveCfg = Release|Any CPU
		{3F4BC5F9-46DF-4BF7-ABC0-C8BDADFEA407}.Release|Any CPU.Build.0 = Release|Any CPU
		{DE0766FB-FB4A-4091-8771-FA11820B4AD7}.Debug|Any CPU.ActiveCfg = Debug|Any CPU
		{DE0766FB-FB4A-4091-8771-FA11820B4AD7}.Debug|Any CPU.Build.0 = Debug|Any CPU
		{DE0766FB-FB4A-4091-8771-FA11820B4AD7}.Release|Any CPU.ActiveCfg = Release|Any CPU
		{DE0766FB-FB4A-4091-8771-FA11820B4AD7}.Release|Any CPU.Build.0 = Release|Any CPU
		{C500261E-3B3F-4115-BD66-62C199039CE1}.Debug|Any CPU.ActiveCfg = Debug|Any CPU
		{C500261E-3B3F-4115-BD66-62C199039CE1}.Debug|Any CPU.Build.0 = Debug|Any CPU
		{C500261E-3B3F-4115-BD66-62C199039CE1}.Release|Any CPU.ActiveCfg = Release|Any CPU
		{C500261E-3B3F-4115-BD66-62C199039CE1}.Release|Any CPU.Build.0 = Release|Any CPU
		{B26EB9DF-609D-44F6-B4E1-C98E1F192D76}.Debug|Any CPU.ActiveCfg = Debug|Any CPU
		{B26EB9DF-609D-44F6-B4E1-C98E1F192D76}.Debug|Any CPU.Build.0 = Debug|Any CPU
		{B26EB9DF-609D-44F6-B4E1-C98E1F192D76}.Release|Any CPU.ActiveCfg = Release|Any CPU
		{B26EB9DF-609D-44F6-B4E1-C98E1F192D76}.Release|Any CPU.Build.0 = Release|Any CPU
		{02433EEB-8E8C-442D-8F90-62A857B8C82A}.Debug|Any CPU.ActiveCfg = Debug|Any CPU
		{02433EEB-8E8C-442D-8F90-62A857B8C82A}.Debug|Any CPU.Build.0 = Debug|Any CPU
		{02433EEB-8E8C-442D-8F90-62A857B8C82A}.Release|Any CPU.ActiveCfg = Release|Any CPU
		{02433EEB-8E8C-442D-8F90-62A857B8C82A}.Release|Any CPU.Build.0 = Release|Any CPU
		{34A577D3-F3C4-422C-8DB8-3413AB6619F7}.Debug|Any CPU.ActiveCfg = Debug|Any CPU
		{34A577D3-F3C4-422C-8DB8-3413AB6619F7}.Debug|Any CPU.Build.0 = Debug|Any CPU
		{34A577D3-F3C4-422C-8DB8-3413AB6619F7}.Release|Any CPU.ActiveCfg = Release|Any CPU
		{34A577D3-F3C4-422C-8DB8-3413AB6619F7}.Release|Any CPU.Build.0 = Release|Any CPU
		{218985C5-4C4B-4A89-93A2-AC802939646B}.Debug|Any CPU.ActiveCfg = Debug|Any CPU
		{218985C5-4C4B-4A89-93A2-AC802939646B}.Debug|Any CPU.Build.0 = Debug|Any CPU
		{218985C5-4C4B-4A89-93A2-AC802939646B}.Release|Any CPU.ActiveCfg = Release|Any CPU
		{218985C5-4C4B-4A89-93A2-AC802939646B}.Release|Any CPU.Build.0 = Release|Any CPU
		{80EF73AA-2254-441E-8DBA-DC3CA2FE4167}.Debug|Any CPU.ActiveCfg = Debug|Any CPU
		{80EF73AA-2254-441E-8DBA-DC3CA2FE4167}.Debug|Any CPU.Build.0 = Debug|Any CPU
		{80EF73AA-2254-441E-8DBA-DC3CA2FE4167}.Release|Any CPU.ActiveCfg = Release|Any CPU
		{80EF73AA-2254-441E-8DBA-DC3CA2FE4167}.Release|Any CPU.Build.0 = Release|Any CPU
		{5950017F-0CCA-4C16-AD7A-B83A29B68FE5}.Debug|Any CPU.ActiveCfg = Debug|Any CPU
		{5950017F-0CCA-4C16-AD7A-B83A29B68FE5}.Debug|Any CPU.Build.0 = Debug|Any CPU
		{5950017F-0CCA-4C16-AD7A-B83A29B68FE5}.Release|Any CPU.ActiveCfg = Release|Any CPU
		{5950017F-0CCA-4C16-AD7A-B83A29B68FE5}.Release|Any CPU.Build.0 = Release|Any CPU
		{82DFC950-AC88-4612-BE24-EC4AFC0C40B8}.Debug|Any CPU.ActiveCfg = Debug|Any CPU
		{82DFC950-AC88-4612-BE24-EC4AFC0C40B8}.Debug|Any CPU.Build.0 = Debug|Any CPU
		{82DFC950-AC88-4612-BE24-EC4AFC0C40B8}.Release|Any CPU.ActiveCfg = Release|Any CPU
		{82DFC950-AC88-4612-BE24-EC4AFC0C40B8}.Release|Any CPU.Build.0 = Release|Any CPU
		{033979D7-F06E-42E6-B754-A2C4F9FA75E8}.Debug|Any CPU.ActiveCfg = Debug|Any CPU
		{033979D7-F06E-42E6-B754-A2C4F9FA75E8}.Debug|Any CPU.Build.0 = Debug|Any CPU
		{033979D7-F06E-42E6-B754-A2C4F9FA75E8}.Release|Any CPU.ActiveCfg = Release|Any CPU
		{033979D7-F06E-42E6-B754-A2C4F9FA75E8}.Release|Any CPU.Build.0 = Release|Any CPU
		{58370379-93F2-42B6-9538-BBE5B6EC4A72}.Debug|Any CPU.ActiveCfg = Debug|Any CPU
		{58370379-93F2-42B6-9538-BBE5B6EC4A72}.Debug|Any CPU.Build.0 = Debug|Any CPU
		{58370379-93F2-42B6-9538-BBE5B6EC4A72}.Release|Any CPU.ActiveCfg = Release|Any CPU
		{58370379-93F2-42B6-9538-BBE5B6EC4A72}.Release|Any CPU.Build.0 = Release|Any CPU
		{13880DA3-CF51-4723-8416-ECEA36539058}.Debug|Any CPU.ActiveCfg = Debug|Any CPU
		{13880DA3-CF51-4723-8416-ECEA36539058}.Debug|Any CPU.Build.0 = Debug|Any CPU
		{13880DA3-CF51-4723-8416-ECEA36539058}.Release|Any CPU.ActiveCfg = Release|Any CPU
		{13880DA3-CF51-4723-8416-ECEA36539058}.Release|Any CPU.Build.0 = Release|Any CPU
		{65ACABB9-2B85-4BA4-9D5E-705F422207E2}.Debug|Any CPU.ActiveCfg = Debug|Any CPU
		{65ACABB9-2B85-4BA4-9D5E-705F422207E2}.Debug|Any CPU.Build.0 = Debug|Any CPU
		{65ACABB9-2B85-4BA4-9D5E-705F422207E2}.Release|Any CPU.ActiveCfg = Release|Any CPU
		{65ACABB9-2B85-4BA4-9D5E-705F422207E2}.Release|Any CPU.Build.0 = Release|Any CPU
		{AE2260CD-CDFB-4856-88A6-2F6431A8BA49}.Debug|Any CPU.ActiveCfg = Debug|Any CPU
		{AE2260CD-CDFB-4856-88A6-2F6431A8BA49}.Debug|Any CPU.Build.0 = Debug|Any CPU
		{AE2260CD-CDFB-4856-88A6-2F6431A8BA49}.Release|Any CPU.ActiveCfg = Release|Any CPU
		{AE2260CD-CDFB-4856-88A6-2F6431A8BA49}.Release|Any CPU.Build.0 = Release|Any CPU
		{B537E437-4A00-4A66-86E0-3DDA8048864E}.Debug|Any CPU.ActiveCfg = Debug|Any CPU
		{B537E437-4A00-4A66-86E0-3DDA8048864E}.Debug|Any CPU.Build.0 = Debug|Any CPU
		{B537E437-4A00-4A66-86E0-3DDA8048864E}.Release|Any CPU.ActiveCfg = Release|Any CPU
		{B537E437-4A00-4A66-86E0-3DDA8048864E}.Release|Any CPU.Build.0 = Release|Any CPU
	EndGlobalSection
	GlobalSection(SolutionProperties) = preSolution
		HideSolutionNode = FALSE
	EndGlobalSection
	GlobalSection(NestedProjects) = preSolution
		{F726C5AC-639F-43BD-95AD-7FD7C51D415C} = {A13BA597-6FCE-4B50-AEF0-2E4A293B965E}
		{D0E6F56B-A107-4C99-9A6D-AA999CCF9A43} = {A13BA597-6FCE-4B50-AEF0-2E4A293B965E}
		{69B8D0E0-F7FD-45C8-86A4-A93BA018F2A8} = {A13BA597-6FCE-4B50-AEF0-2E4A293B965E}
		{3F4BC5F9-46DF-4BF7-ABC0-C8BDADFEA407} = {A13BA597-6FCE-4B50-AEF0-2E4A293B965E}
		{DE0766FB-FB4A-4091-8771-FA11820B4AD7} = {A13BA597-6FCE-4B50-AEF0-2E4A293B965E}
		{C500261E-3B3F-4115-BD66-62C199039CE1} = {BDFD5C84-B345-4C0B-A057-7E2FBE0597A0}
		{B26EB9DF-609D-44F6-B4E1-C98E1F192D76} = {BDFD5C84-B345-4C0B-A057-7E2FBE0597A0}
		{02433EEB-8E8C-442D-8F90-62A857B8C82A} = {BDFD5C84-B345-4C0B-A057-7E2FBE0597A0}
		{34A577D3-F3C4-422C-8DB8-3413AB6619F7} = {BDFD5C84-B345-4C0B-A057-7E2FBE0597A0}
		{218985C5-4C4B-4A89-93A2-AC802939646B} = {BDFD5C84-B345-4C0B-A057-7E2FBE0597A0}
		{80EF73AA-2254-441E-8DBA-DC3CA2FE4167} = {ABE75E0E-2E08-431A-823C-87D325859E27}
		{5950017F-0CCA-4C16-AD7A-B83A29B68FE5} = {ABE75E0E-2E08-431A-823C-87D325859E27}
		{82DFC950-AC88-4612-BE24-EC4AFC0C40B8} = {ABE75E0E-2E08-431A-823C-87D325859E27}
		{033979D7-F06E-42E6-B754-A2C4F9FA75E8} = {ABE75E0E-2E08-431A-823C-87D325859E27}
		{58370379-93F2-42B6-9538-BBE5B6EC4A72} = {6CCF6D0C-6438-43E7-8CFB-C453476BA2DD}
		{13880DA3-CF51-4723-8416-ECEA36539058} = {6CCF6D0C-6438-43E7-8CFB-C453476BA2DD}
		{65ACABB9-2B85-4BA4-9D5E-705F422207E2} = {6CCF6D0C-6438-43E7-8CFB-C453476BA2DD}
		{AE2260CD-CDFB-4856-88A6-2F6431A8BA49} = {6CCF6D0C-6438-43E7-8CFB-C453476BA2DD}
		{B537E437-4A00-4A66-86E0-3DDA8048864E} = {2446D837-2C36-4848-9681-C88D94D41676}
	EndGlobalSection
	GlobalSection(ExtensibilityGlobals) = postSolution
		SolutionGuid = {FB7D165F-71BB-4BEE-9482-80E39A6EFFD0}
	EndGlobalSection
EndGlobal
